
Microsoft Visual Studio Solution File, Format Version 12.00
# Visual Studio Version 17
VisualStudioVersion = 17.11.35303.130
MinimumVisualStudioVersion = 10.0.40219.1
Project("{FAE04EC0-301F-11D3-BF4B-00C04F79EFBC}") = "AhmedAbdullai.CSharp.LibraryConsumer", "AhmedAbdullai.CSharp.LibraryConsumer\AhmedAbdullai.CSharp.LibraryConsumer.csproj", "{65E11010-3B33-43B2-AA6F-2926B8A0A46B}"
EndProject
Global
	GlobalSection(SolutionConfigurationPlatforms) = preSolution
		Debug|Any CPU = Debug|Any CPU
		Release|Any CPU = Release|Any CPU
	EndGlobalSection
	GlobalSection(ProjectConfigurationPlatforms) = postSolution
		{65E11010-3B33-43B2-AA6F-2926B8A0A46B}.Debug|Any CPU.ActiveCfg = Debug|Any CPU
		{65E11010-3B33-43B2-AA6F-2926B8A0A46B}.Debug|Any CPU.Build.0 = Debug|Any CPU
		{65E11010-3B33-43B2-AA6F-2926B8A0A46B}.Release|Any CPU.ActiveCfg = Release|Any CPU
		{65E11010-3B33-43B2-AA6F-2926B8A0A46B}.Release|Any CPU.Build.0 = Release|Any CPU
	EndGlobalSection
	GlobalSection(SolutionProperties) = preSolution
		HideSolutionNode = FALSE
	EndGlobalSection
	GlobalSection(ExtensibilityGlobals) = postSolution
		SolutionGuid = {E8B6BC6D-3CA7-403E-AE82-F5A8DBCB64AB}
	EndGlobalSection
EndGlobal
